Microsoft Visual Studio Solution File, Format Version 12.00
# Visual Studio Version 17
VisualStudioVersion = 17.5.2.0
MinimumVisualStudioVersion = 10.0.40219.1
Project("{2150E333-8FDC-42A3-9474-1A3956D46DE8}") = "1-csharp-basics", "1-csharp-basics", "{27D0DB9E-D051-B496-5EFC-A78A0541273C}"
EndProject
Project("{FAE04EC0-301F-11D3-BF4B-00C04F79EFBC}") = "ConsoleTodoApp", "1-csharp-basics\ConsoleTodoApp\ConsoleTodoApp.csproj", "{0456E01B-60DD-C821-3EEE-53B25ADA4CE4}"
EndProject
Global
	GlobalSection(SolutionConfigurationPlatforms) = preSolution
		Debug|Any CPU = Debug|Any CPU
		Release|Any CPU = Release|Any CPU
	EndGlobalSection
	GlobalSection(ProjectConfigurationPlatforms) = postSolution
		{0456E01B-60DD-C821-3EEE-53B25ADA4CE4}.Debug|Any CPU.ActiveCfg = Debug|Any CPU
		{0456E01B-60DD-C821-3EEE-53B25ADA4CE4}.Debug|Any CPU.Build.0 = Debug|Any CPU
		{0456E01B-60DD-C821-3EEE-53B25ADA4CE4}.Release|Any CPU.ActiveCfg = Release|Any CPU
		{0456E01B-60DD-C821-3EEE-53B25ADA4CE4}.Release|Any CPU.Build.0 = Release|Any CPU
	EndGlobalSection
	GlobalSection(SolutionProperties) = preSolution
		HideSolutionNode = FALSE
	EndGlobalSection
	GlobalSection(NestedProjects) = preSolution
		{0456E01B-60DD-C821-3EEE-53B25ADA4CE4} = {27D0DB9E-D051-B496-5EFC-A78A0541273C}
	EndGlobalSection
	GlobalSection(ExtensibilityGlobals) = postSolution
		SolutionGuid = {F4444D44-6137-43A7-8DA7-A4B815EBB183}
	EndGlobalSection
EndGlobal
